
Microsoft Visual Studio Solution File, Format Version 12.00
# Visual Studio Version 16
VisualStudioVersion = 16.0.31911.196
MinimumVisualStudioVersion = 10.0.40219.1
Project("{FAE04EC0-301F-11D3-BF4B-00C04F79EFBC}") = "ConsoleTests", "ConsoleTests\ConsoleTests.csproj", "{981F5C76-2B6B-4EBE-AE8C-0C1A8E923DD0}"
EndProject
Global
	GlobalSection(SolutionConfigurationPlatforms) = preSolution
		Debug|Any CPU = Debug|Any CPU
		Release|Any CPU = Release|Any CPU
	EndGlobalSection
	GlobalSection(ProjectConfigurationPlatforms) = postSolution
		{981F5C76-2B6B-4EBE-AE8C-0C1A8E923DD0}.Debug|Any CPU.ActiveCfg = Debug|Any CPU
		{981F5C76-2B6B-4EBE-AE8C-0C1A8E923DD0}.Debug|Any CPU.Build.0 = Debug|Any CPU
		{981F5C76-2B6B-4EBE-AE8C-0C1A8E923DD0}.Release|Any CPU.ActiveCfg = Release|Any CPU
		{981F5C76-2B6B-4EBE-AE8C-0C1A8E923DD0}.Release|Any CPU.Build.0 = Release|Any CPU
	EndGlobalSection
	GlobalSection(SolutionProperties) = preSolution
		HideSolutionNode = FALSE
	EndGlobalSection
	GlobalSection(ExtensibilityGlobals) = postSolution
		SolutionGuid = {CBDF90AE-96D1-4F78-B8A2-18CD53357663}
	EndGlobalSection
EndGlobal
